
Microsoft Visual Studio Solution File, Format Version 12.00
# Visual Studio Version 16
VisualStudioVersion = 16.0.30330.147
MinimumVisualStudioVersion = 10.0.40219.1
Project("{FAE04EC0-301F-11D3-BF4B-00C04F79EFBC}") = "Car Insurance", "Car Insurance\Car Insurance.csproj", "{A615AD32-B158-44AF-9CA3-FE5C3C01B33D}"
EndProject
Global
	GlobalSection(SolutionConfigurationPlatforms) = preSolution
		Debug|Any CPU = Debug|Any CPU
		Release|Any CPU = Release|Any CPU
	EndGlobalSection
	GlobalSection(ProjectConfigurationPlatforms) = postSolution
		{A615AD32-B158-44AF-9CA3-FE5C3C01B33D}.Debug|Any CPU.ActiveCfg = Debug|Any CPU
		{A615AD32-B158-44AF-9CA3-FE5C3C01B33D}.Debug|Any CPU.Build.0 = Debug|Any CPU
		{A615AD32-B158-44AF-9CA3-FE5C3C01B33D}.Release|Any CPU.ActiveCfg = Release|Any CPU
		{A615AD32-B158-44AF-9CA3-FE5C3C01B33D}.Release|Any CPU.Build.0 = Release|Any CPU
	EndGlobalSection
	GlobalSection(SolutionProperties) = preSolution
		HideSolutionNode = FALSE
	EndGlobalSection
	GlobalSection(ExtensibilityGlobals) = postSolution
		SolutionGuid = {AA66A959-E5A2-4EF2-BDFD-69F45C5C988F}
	EndGlobalSection
EndGlobal
